
Microsoft Visual Studio Solution File, Format Version 12.00
# Visual Studio 15
VisualStudioVersion = 15.0.28307.271
MinimumVisualStudioVersion = 10.0.40219.1
Project("{FAE04EC0-301F-11D3-BF4B-00C04F79EFBC}") = "App07_Celulas.Android", "App07_Celulas\App07_Celulas.Android\App07_Celulas.Android.csproj", "{E1FB5302-15A6-44CD-871A-F66E42A65E55}"
EndProject
Project("{FAE04EC0-301F-11D3-BF4B-00C04F79EFBC}") = "App07_Celulas.iOS", "App07_Celulas\App07_Celulas.iOS\App07_Celulas.iOS.csproj", "{9EBAAF67-2388-4059-9C9E-449E71DC385A}"
EndProject
Project("{FAE04EC0-301F-11D3-BF4B-00C04F79EFBC}") = "App07_Celulas", "App07_Celulas\App07_Celulas\App07_Celulas.csproj", "{AE831768-CAD8-4037-A0E1-1A61FCC6E9D1}"
EndProject
Global
	GlobalSection(SolutionConfigurationPlatforms) = preSolution
		Ad-Hoc|Any CPU = Ad-Hoc|Any CPU
		Ad-Hoc|iPhone = Ad-Hoc|iPhone
		Ad-Hoc|iPhoneSimulator = Ad-Hoc|iPhoneSimulator
		AppStore|Any CPU = AppStore|Any CPU
		AppStore|iPhone = AppStore|iPhone
		AppStore|iPhoneSimulator = AppStore|iPhoneSimulator
		Debug|Any CPU = Debug|Any CPU
		Debug|iPhone = Debug|iPhone
		Debug|iPhoneSimulator = Debug|iPhoneSimulator
		Release|Any CPU = Release|Any CPU
		Release|iPhone = Release|iPhone
		Release|iPhoneSimulator = Release|iPhoneSimulator
	EndGlobalSection
	GlobalSection(ProjectConfigurationPlatforms) = postSolution
		{E1FB5302-15A6-44CD-871A-F66E42A65E55}.Ad-Hoc|Any CPU.ActiveCfg = Release|Any CPU
		{E1FB5302-15A6-44CD-871A-F66E42A65E55}.Ad-Hoc|Any CPU.Build.0 = Release|Any CPU
		{E1FB5302-15A6-44CD-871A-F66E42A65E55}.Ad-Hoc|Any CPU.Deploy.0 = Release|Any CPU
		{E1FB5302-15A6-44CD-871A-F66E42A65E55}.Ad-Hoc|iPhone.ActiveCfg = Release|Any CPU
		{E1FB5302-15A6-44CD-871A-F66E42A65E55}.Ad-Hoc|iPhone.Build.0 = Release|Any CPU
		{E1FB5302-15A6-44CD-871A-F66E42A65E55}.Ad-Hoc|iPhone.Deploy.0 = Release|Any CPU
		{E1FB5302-15A6-44CD-871A-F66E42A65E55}.Ad-Hoc|iPhoneSimulator.ActiveCfg = Release|Any CPU
		{E1FB5302-15A6-44CD-871A-F66E42A65E55}.Ad-Hoc|iPhoneSimulator.Build.0 = Release|Any CPU
		{E1FB5302-15A6-44CD-871A-F66E42A65E55}.Ad-Hoc|iPhoneSimulator.Deploy.0 = Release|Any CPU
		{E1FB5302-15A6-44CD-871A-F66E42A65E55}.AppStore|Any CPU.ActiveCfg = Release|Any CPU
		{E1FB5302-15A6-44CD-871A-F66E42A65E55}.AppStore|Any CPU.Build.0 = Release|Any CPU
		{E1FB5302-15A6-44CD-871A-F66E42A65E55}.AppStore|Any CPU.Deploy.0 = Release|Any CPU
		{E1FB5302-15A6-44CD-871A-F66E42A65E55}.AppStore|iPhone.ActiveCfg = Release|Any CPU
		{E1FB5302-15A6-44CD-871A-F66E42A65E55}.AppStore|iPhone.Build.0 = Release|Any CPU
		{E1FB5302-15A6-44CD-871A-F66E42A65E55}.AppStore|iPhone.Deploy.0 = Release|Any CPU
		{E1FB5302-15A6-44CD-871A-F66E42A65E55}.AppStore|iPhoneSimulator.ActiveCfg = Release|Any CPU
		{E1FB5302-15A6-44CD-871A-F66E42A65E55}.AppStore|iPhoneSimulator.Build.0 = Release|Any CPU
		{E1FB5302-15A6-44CD-871A-F66E42A65E55}.AppStore|iPhoneSimulator.Deploy.0 = Release|Any CPU
		{E1FB5302-15A6-44CD-871A-F66E42A65E55}.Debug|Any CPU.ActiveCfg = Debug|Any CPU
		{E1FB5302-15A6-44CD-871A-F66E42A65E55}.Debug|Any CPU.Build.0 = Debug|Any CPU
		{E1FB5302-15A6-44CD-871A-F66E42A65E55}.Debug|Any CPU.Deploy.0 = Debug|Any CPU
		{E1FB5302-15A6-44CD-871A-F66E42A65E55}.Debug|iPhone.ActiveCfg = Debug|Any CPU
		{E1FB5302-15A6-44CD-871A-F66E42A65E55}.Debug|iPhone.Build.0 = Debug|Any CPU
		{E1FB5302-15A6-44CD-871A-F66E42A65E55}.Debug|iPhone.Deploy.0 = Debug|Any CPU
		{E1FB5302-15A6-44CD-871A-F66E42A65E55}.Debug|iPhoneSimulator.ActiveCfg = Debug|Any CPU
		{E1FB5302-15A6-44CD-871A-F66E42A65E55}.Debug|iPhoneSimulator.Build.0 = Debug|Any CPU
		{E1FB5302-15A6-44CD-871A-F66E42A65E55}.Debug|iPhoneSimulator.Deploy.0 = Debug|Any CPU
		{E1FB5302-15A6-44CD-871A-F66E42A65E55}.Release|Any CPU.ActiveCfg = Release|Any CPU
		{E1FB5302-15A6-44CD-871A-F66E42A65E55}.Release|Any CPU.Build.0 = Release|Any CPU
		{E1FB5302-15A6-44CD-871A-F66E42A65E55}.Release|Any CPU.Deploy.0 = Release|Any CPU
		{E1FB5302-15A6-44CD-871A-F66E42A65E55}.Release|iPhone.ActiveCfg = Release|Any CPU
		{E1FB5302-15A6-44CD-871A-F66E42A65E55}.Release|iPhone.Build.0 = Release|Any CPU
		{E1FB5302-15A6-44CD-871A-F66E42A65E55}.Release|iPhone.Deploy.0 = Release|Any CPU
		{E1FB5302-15A6-44CD-871A-F66E42A65E55}.Release|iPhoneSimulator.ActiveCfg = Release|Any CPU
		{E1FB5302-15A6-44CD-871A-F66E42A65E55}.Release|iPhoneSimulator.Build.0 = Release|Any CPU
		{E1FB5302-15A6-44CD-871A-F66E42A65E55}.Release|iPhoneSimulator.Deploy.0 = Release|Any CPU
		{9EBAAF67-2388-4059-9C9E-449E71DC385A}.Ad-Hoc|Any CPU.ActiveCfg = Ad-Hoc|iPhone
		{9EBAAF67-2388-4059-9C9E-449E71DC385A}.Ad-Hoc|Any CPU.Build.0 = Ad-Hoc|iPhone
		{9EBAAF67-2388-4059-9C9E-449E71DC385A}.Ad-Hoc|Any CPU.Deploy.0 = Ad-Hoc|iPhone
		{9EBAAF67-2388-4059-9C9E-449E71DC385A}.Ad-Hoc|iPhone.ActiveCfg = Ad-Hoc|iPhone
		{9EBAAF67-2388-4059-9C9E-449E71DC385A}.Ad-Hoc|iPhone.Build.0 = Ad-Hoc|iPhone
		{9EBAAF67-2388-4059-9C9E-449E71DC385A}.Ad-Hoc|iPhone.Deploy.0 = Ad-Hoc|iPhone
		{9EBAAF67-2388-4059-9C9E-449E71DC385A}.Ad-Hoc|iPhoneSimulator.ActiveCfg = Ad-Hoc|iPhoneSimulator
		{9EBAAF67-2388-4059-9C9E-449E71DC385A}.Ad-Hoc|iPhoneSimulator.Build.0 = Ad-Hoc|iPhoneSimulator
		{9EBAAF67-2388-4059-9C9E-449E71DC385A}.Ad-Hoc|iPhoneSimulator.Deploy.0 = Ad-Hoc|iPhoneSimulator
		{9EBAAF67-2388-4059-9C9E-449E71DC385A}.AppStore|Any CPU.ActiveCfg = AppStore|iPhone
		{9EBAAF67-2388-4059-9C9E-449E71DC385A}.AppStore|Any CPU.Build.0 = AppStore|iPhone
		{9EBAAF67-2388-4059-9C9E-449E71DC385A}.AppStore|Any CPU.Deploy.0 = AppStore|iPhone
		{9EBAAF67-2388-4059-9C9E-449E71DC385A}.AppStore|iPhone.ActiveCfg = AppStore|iPhone
		{9EBAAF67-2388-4059-9C9E-449E71DC385A}.AppStore|iPhone.Build.0 = AppStore|iPhone
		{9EBAAF67-2388-4059-9C9E-449E71DC385A}.AppStore|iPhone.Deploy.0 = AppStore|iPhone
		{9EBAAF67-2388-4059-9C9E-449E71DC385A}.AppStore|iPhoneSimulator.ActiveCfg = AppStore|iPhoneSimulator
		{9EBAAF67-2388-4059-9C9E-449E71DC385A}.AppStore|iPhoneSimulator.Build.0 = AppStore|iPhoneSimulator
		{9EBAAF67-2388-4059-9C9E-449E71DC385A}.AppStore|iPhoneSimulator.Deploy.0 = AppStore|iPhoneSimulator
		{9EBAAF67-2388-4059-9C9E-449E71DC385A}.Debug|Any CPU.ActiveCfg = Debug|iPhoneSimulator
		{9EBAAF67-2388-4059-9C9E-449E71DC385A}.Debug|Any CPU.Build.0 = Debug|iPhoneSimulator
		{9EBAAF67-2388-4059-9C9E-449E71DC385A}.Debug|Any CPU.Deploy.0 = Debug|iPhoneSimulator
		{9EBAAF67-2388-4059-9C9E-449E71DC385A}.Debug|iPhone.ActiveCfg = Debug|iPhone
		{9EBAAF67-2388-4059-9C9E-449E71DC385A}.Debug|iPhone.Build.0 = Debug|iPhone
		{9EBAAF67-2388-4059-9C9E-449E71DC385A}.Debug|iPhone.Deploy.0 = Debug|iPhone
		{9EBAAF67-2388-4059-9C9E-449E71DC385A}.Debug|iPhoneSimulator.ActiveCfg = Debug|iPhoneSimulator
		{9EBAAF67-2388-4059-9C9E-449E71DC385A}.Debug|iPhoneSimulator.Build.0 = Debug|iPhoneSimulator
		{9EBAAF67-2388-4059-9C9E-449E71DC385A}.Debug|iPhoneSimulator.Deploy.0 = Debug|iPhoneSimulator
		{9EBAAF67-2388-4059-9C9E-449E71DC385A}.Release|Any CPU.ActiveCfg = Release|iPhone
		{9EBAAF67-2388-4059-9C9E-449E71DC385A}.Release|Any CPU.Build.0 = Release|iPhone
		{9EBAAF67-2388-4059-9C9E-449E71DC385A}.Release|Any CPU.Deploy.0 = Release|iPhone
		{9EBAAF67-2388-4059-9C9E-449E71DC385A}.Release|iPhone.ActiveCfg = Release|iPhone
		{9EBAAF67-2388-4059-9C9E-449E71DC385A}.Release|iPhone.Build.0 = Release|iPhone
		{9EBAAF67-2388-4059-9C9E-449E71DC385A}.Release|iPhone.Deploy.0 = Release|iPhone
		{9EBAAF67-2388-4059-9C9E-449E71DC385A}.Release|iPhoneSimulator.ActiveCfg = Release|iPhoneSimulator
		{9EBAAF67-2388-4059-9C9E-449E71DC385A}.Release|iPhoneSimulator.Build.0 = Release|iPhoneSimulator
		{9EBAAF67-2388-4059-9C9E-449E71DC385A}.Release|iPhoneSimulator.Deploy.0 = Release|iPhoneSimulator
		{AE831768-CAD8-4037-A0E1-1A61FCC6E9D1}.Ad-Hoc|Any CPU.ActiveCfg = Debug|Any CPU
		{AE831768-CAD8-4037-A0E1-1A61FCC6E9D1}.Ad-Hoc|Any CPU.Build.0 = Debug|Any CPU
		{AE831768-CAD8-4037-A0E1-1A61FCC6E9D1}.Ad-Hoc|Any CPU.Deploy.0 = Debug|Any CPU
		{AE831768-CAD8-4037-A0E1-1A61FCC6E9D1}.Ad-Hoc|iPhone.ActiveCfg = Debug|Any CPU
		{AE831768-CAD8-4037-A0E1-1A61FCC6E9D1}.Ad-Hoc|iPhone.Build.0 = Debug|Any CPU
		{AE831768-CAD8-4037-A0E1-1A61FCC6E9D1}.Ad-Hoc|iPhone.Deploy.0 = Debug|Any CPU
		{AE831768-CAD8-4037-A0E1-1A61FCC6E9D1}.Ad-Hoc|iPhoneSimulator.ActiveCfg = Debug|Any CPU
		{AE831768-CAD8-4037-A0E1-1A61FCC6E9D1}.Ad-Hoc|iPhoneSimulator.Build.0 = Debug|Any CPU
		{AE831768-CAD8-4037-A0E1-1A61FCC6E9D1}.Ad-Hoc|iPhoneSimulator.Deploy.0 = Debug|Any CPU
		{AE831768-CAD8-4037-A0E1-1A61FCC6E9D1}.AppStore|Any CPU.ActiveCfg = Debug|Any CPU
		{AE831768-CAD8-4037-A0E1-1A61FCC6E9D1}.AppStore|Any CPU.Build.0 = Debug|Any CPU
		{AE831768-CAD8-4037-A0E1-1A61FCC6E9D1}.AppStore|Any CPU.Deploy.0 = Debug|Any CPU
		{AE831768-CAD8-4037-A0E1-1A61FCC6E9D1}.AppStore|iPhone.ActiveCfg = Debug|Any CPU
		{AE831768-CAD8-4037-A0E1-1A61FCC6E9D1}.AppStore|iPhone.Build.0 = Debug|Any CPU
		{AE831768-CAD8-4037-A0E1-1A61FCC6E9D1}.AppStore|iPhone.Deploy.0 = Debug|Any CPU
		{AE831768-CAD8-4037-A0E1-1A61FCC6E9D1}.AppStore|iPhoneSimulator.ActiveCfg = Debug|Any CPU
		{AE831768-CAD8-4037-A0E1-1A61FCC6E9D1}.AppStore|iPhoneSimulator.Build.0 = Debug|Any CPU
		{AE831768-CAD8-4037-A0E1-1A61FCC6E9D1}.AppStore|iPhoneSimulator.Deploy.0 = Debug|Any CPU
		{AE831768-CAD8-4037-A0E1-1A61FCC6E9D1}.Debug|Any CPU.ActiveCfg = Debug|Any CPU
		{AE831768-CAD8-4037-A0E1-1A61FCC6E9D1}.Debug|Any CPU.Build.0 = Debug|Any CPU
		{AE831768-CAD8-4037-A0E1-1A61FCC6E9D1}.Debug|Any CPU.Deploy.0 = Debug|Any CPU
		{AE831768-CAD8-4037-A0E1-1A61FCC6E9D1}.Debug|iPhone.ActiveCfg = Debug|Any CPU
		{AE831768-CAD8-4037-A0E1-1A61FCC6E9D1}.Debug|iPhone.Build.0 = Debug|Any CPU
		{AE831768-CAD8-4037-A0E1-1A61FCC6E9D1}.Debug|iPhone.Deploy.0 = Debug|Any CPU
		{AE831768-CAD8-4037-A0E1-1A61FCC6E9D1}.Debug|iPhoneSimulator.ActiveCfg = Debug|Any CPU
		{AE831768-CAD8-4037-A0E1-1A61FCC6E9D1}.Debug|iPhoneSimulator.Build.0 = Debug|Any CPU
		{AE831768-CAD8-4037-A0E1-1A61FCC6E9D1}.Debug|iPhoneSimulator.Deploy.0 = Debug|Any CPU
		{AE831768-CAD8-4037-A0E1-1A61FCC6E9D1}.Release|Any CPU.ActiveCfg = Release|Any CPU
		{AE831768-CAD8-4037-A0E1-1A61FCC6E9D1}.Release|Any CPU.Build.0 = Release|Any CPU
		{AE831768-CAD8-4037-A0E1-1A61FCC6E9D1}.Release|Any CPU.Deploy.0 = Release|Any CPU
		{AE831768-CAD8-4037-A0E1-1A61FCC6E9D1}.Release|iPhone.ActiveCfg = Release|Any CPU
		{AE831768-CAD8-4037-A0E1-1A61FCC6E9D1}.Release|iPhone.Build.0 = Release|Any CPU
		{AE831768-CAD8-4037-A0E1-1A61FCC6E9D1}.Release|iPhone.Deploy.0 = Release|Any CPU
		{AE831768-CAD8-4037-A0E1-1A61FCC6E9D1}.Release|iPhoneSimulator.ActiveCfg = Release|Any CPU
		{AE831768-CAD8-4037-A0E1-1A61FCC6E9D1}.Release|iPhoneSimulator.Build.0 = Release|Any CPU
		{AE831768-CAD8-4037-A0E1-1A61FCC6E9D1}.Release|iPhoneSimulator.Deploy.0 = Release|Any CPU
	EndGlobalSection
	GlobalSection(SolutionProperties) = preSolution
		HideSolutionNode = FALSE
	EndGlobalSection
	GlobalSection(ExtensibilityGlobals) = postSolution
		SolutionGuid = {2A00D8A3-1195-4854-BCD9-290B234ACC5E}
	EndGlobalSection
EndGlobal
